// !$*UTF8*$!
{
	archiveVersion = 1;
	classes = {
	};
	objectVersion = 77;
	objects = {

/* Begin PBXBuildFile section */
		05BCFDDCC63422F50B0DEFF3 /* RuntimeProbeTests.swift in Sources */ = {isa = PBXBuildFile; fileRef = 7B9E498AAB7E2658737AAD97 /* RuntimeProbeTests.swift */; };
		05D6EF630AA910B7E3E8D6AC /* ChatView.swift in Sources */ = {isa = PBXBuildFile; fileRef = D9256304A6FC9A4B006FB181 /* ChatView.swift */; };
		05D9F1842D97C25A72203770 /* ArchiveMetadataValidator.swift in Sources */ = {isa = PBXBuildFile; fileRef = 61D695EE149EFC0A40D13F02 /* ArchiveMetadataValidator.swift */; };
		0D7DCCA091AA2F291B974727 /* ModelLibraryTests.swift in Sources */ = {isa = PBXBuildFile; fileRef = 33C44325F2B36B9680594A62 /* ModelLibraryTests.swift */; };
		0DC5787FD6497E652FEC2AC3 /* MLXLMCommon in Frameworks */ = {isa = PBXBuildFile; productRef = CE0D83BFD83F3BD1FAB0B05D /* MLXLMCommon */; };
		1203008D444C0C6180D00A21 /* BackgroundTransferLedger.swift in Sources */ = {isa = PBXBuildFile; fileRef = 666DE75FE333B9837276F6AE /* BackgroundTransferLedger.swift */; };
		13EA18C4C526EA96208AF5EC /* SuspendingModelTransport.swift in Sources */ = {isa = PBXBuildFile; fileRef = 213E3C6095AA9D82261353B2 /* SuspendingModelTransport.swift */; };
		1662C04FB9DC3A9E6A5D8725 /* InferenceEngine.swift in Sources */ = {isa = PBXBuildFile; fileRef = 1DC460FE46506A12403B3E91 /* InferenceEngine.swift */; };
		1742FBE9C8840E897AFED9AD /* Diagnostics.swift in Sources */ = {isa = PBXBuildFile; fileRef = 502550153658C57F05999C3B /* Diagnostics.swift */; };
		18BBDDE2302135A121650E0D /* OfflineToolTests.swift in Sources */ = {isa = PBXBuildFile; fileRef = 0761FE947B57152210BEC438 /* OfflineToolTests.swift */; };
		19EB0F0D12622A2ED3FFE1A7 /* BonsaiMobileApp.swift in Sources */ = {isa = PBXBuildFile; fileRef = DB8F93A9408A4EE6F88333F3 /* BonsaiMobileApp.swift */; };
		2330FF738E5C5129A2F04C60 /* ReasoningRouter.swift in Sources */ = {isa = PBXBuildFile; fileRef = 461F66A0869E5B61EAD4195D /* ReasoningRouter.swift */; };
		234F0A83349E0E5B3FD021B8 /* ModelArchiveImporterTests.swift in Sources */ = {isa = PBXBuildFile; fileRef = 664036C4891B230797661F95 /* ModelArchiveImporterTests.swift */; };
		24C250F27F5F7EC29F652946 /* ZIPFoundation in Frameworks */ = {isa = PBXBuildFile; productRef = 056342B4C449BC4FB620893A /* ZIPFoundation */; };
		25494F7DB1C3967B9A108C16 /* AgentLoopProtocolTests.swift in Sources */ = {isa = PBXBuildFile; fileRef = 935208CF02581A0AC42CFC41 /* AgentLoopProtocolTests.swift */; };
		2822D9FC4EC3FF2D5BF5E2E9 /* BackgroundTransferLedgerStorage.swift in Sources */ = {isa = PBXBuildFile; fileRef = FD2D09A513F78C6AABAB103C /* BackgroundTransferLedgerStorage.swift */; };
		289E6CC925688296DB109E96 /* ReasoningDisclosure.swift in Sources */ = {isa = PBXBuildFile; fileRef = E26303C6DAE2A41B08BE2ED6 /* ReasoningDisclosure.swift */; };
		29058825FE4EA4E95534C101 /* ModelLibraryViewModel.swift in Sources */ = {isa = PBXBuildFile; fileRef = 80CD60535559E606DBF0F046 /* ModelLibraryViewModel.swift */; };
		29B1EBBE2078B7E4935C406B /* ChatSession.swift in Sources */ = {isa = PBXBuildFile; fileRef = D68DF4452DDE0A73225C13C6 /* ChatSession.swift */; };
		2F536ED65F34A88DEF23ED07 /* Tokenizers in Frameworks */ = {isa = PBXBuildFile; productRef = 82A832B08BE4D6E49F59F560 /* Tokenizers */; };
		3BCA82A98104EBF091E06AFB /* InferenceMappingTests.swift in Sources */ = {isa = PBXBuildFile; fileRef = EE1941D7998FF20C29537779 /* InferenceMappingTests.swift */; };
		3C10AFCAAF355959EEBB31B8 /* CoreFlowUITests.swift in Sources */ = {isa = PBXBuildFile; fileRef = D535E116AC0B51308C08C857 /* CoreFlowUITests.swift */; };
		3CA57FC6807E0DBDE557BAD0 /* BackgroundTransferCompletionRegistry.swift in Sources */ = {isa = PBXBuildFile; fileRef = 220E4995627C7B667E6CE3D8 /* BackgroundTransferCompletionRegistry.swift */; };
		3D15C243E96A5D1B529A81DD /* AtomicJSONStoreTests.swift in Sources */ = {isa = PBXBuildFile; fileRef = E4E3FB0DD7EA8B00AC460394 /* AtomicJSONStoreTests.swift */; };
		3D320AA97FEF29AE7A3A9B82 /* BonsaiAppDelegate.swift in Sources */ = {isa = PBXBuildFile; fileRef = F0BACEDE0B1749D71819FC44 /* BonsaiAppDelegate.swift */; };
		3EEA47A5E8CCE2F09D5B567C /* MLXLLM in Frameworks */ = {isa = PBXBuildFile; productRef = 9943147F24F82A85972D6C9B /* MLXLLM */; };
		3EEA6595C5A86B96FE87C3FE /* LiveAppServices.swift in Sources */ = {isa = PBXBuildFile; fileRef = 576BFA32B74FAFA0D73954D0 /* LiveAppServices.swift */; };
		426A3A95E710DE00DD6CF574 /* BackgroundTransferCompletionRegistryTests.swift in Sources */ = {isa = PBXBuildFile; fileRef = F94951512FC7DFC224F0BE48 /* BackgroundTransferCompletionRegistryTests.swift */; };
		43C06C1B9AFD6BF58B5BFDFC /* ResourceMonitor.swift in Sources */ = {isa = PBXBuildFile; fileRef = E2CD42F0E3633879D4BD3E82 /* ResourceMonitor.swift */; };
		4417713B8641E69530BC3574 /* DomainContractTests.swift in Sources */ = {isa = PBXBuildFile; fileRef = 8C93D2F771D42F593A736FAB /* DomainContractTests.swift */; };
		4447FE1914BEA93B4C77FBD6 /* BackgroundModelDownloadCoordinator.swift in Sources */ = {isa = PBXBuildFile; fileRef = A03640C2EC9090EF0A788975 /* BackgroundModelDownloadCoordinator.swift */; };
		447E3736BCD9D6F872D82AE7 /* RuntimeProbe.swift in Sources */ = {isa = PBXBuildFile; fileRef = EE7E78660BF6A2E0B953F04E /* RuntimeProbe.swift */; };
		4530875FD15A7BF8ABF78A95 /* MLXRuntime.swift in Sources */ = {isa = PBXBuildFile; fileRef = 384787FBE7D7E3EB67779536 /* MLXRuntime.swift */; };
		46B673D0D133D3D4A8D90230 /* ContextTrimmer.swift in Sources */ = {isa = PBXBuildFile; fileRef = FBFEF9BB93A7EB2B1C9ED744 /* ContextTrimmer.swift */; };
		4A2BEC05B9826BA84E7B7872 /* DeviceQualifier.swift in Sources */ = {isa = PBXBuildFile; fileRef = 4651A7CF5BF341647B37C4AB /* DeviceQualifier.swift */; };
		53CD639B818EAC6AA08240AC /* MLXInferenceLifecycleTests.swift in Sources */ = {isa = PBXBuildFile; fileRef = 1B048FB3FF861E2BB6E7D2AE /* MLXInferenceLifecycleTests.swift */; };
		54A28CC170CAF0D11F68C62F /* ZIPFoundation in Frameworks */ = {isa = PBXBuildFile; productRef = 754CA324E2CD030AD1ADD3C8 /* ZIPFoundation */; };
		55A32617030A0372712E2E1A /* DeviceQualifierTests.swift in Sources */ = {isa = PBXBuildFile; fileRef = 5B22E9B7C916E74BE90126ED /* DeviceQualifierTests.swift */; };
		569EFDB122F314FEEB7870E3 /* ArchiveMetadataValidatorTests.swift in Sources */ = {isa = PBXBuildFile; fileRef = 9A50A852C61912BB4AB1097F /* ArchiveMetadataValidatorTests.swift */; };
		57D8A74B0207CB692D2F47E1 /* MLXInferenceEngine.swift in Sources */ = {isa = PBXBuildFile; fileRef = 96788F4B0A9094EAF9120986 /* MLXInferenceEngine.swift */; };
		5D24CB5ADBA69748B1B05528 /* AgentLoopTests.swift in Sources */ = {isa = PBXBuildFile; fileRef = D2A627188F789010FCE43EB8 /* AgentLoopTests.swift */; };
		5E953959CE5B25FE77648C87 /* ReasoningRouterTests.swift in Sources */ = {isa = PBXBuildFile; fileRef = 65BE39AC0229CEE3C2C20AC6 /* ReasoningRouterTests.swift */; };
		62DD436A7B70739EC12B46B7 /* MLXVLM in Frameworks */ = {isa = PBXBuildFile; productRef = 6A095E1F640A9C82BA09731D /* MLXVLM */; };
		64CE881F4F190434771C5F1A /* ModelImporter.swift in Sources */ = {isa = PBXBuildFile; fileRef = A919988D561A3A020D6DED81 /* ModelImporter.swift */; };
		666511AC121BB4F3EAA216A9 /* DiagnosticsStore.swift in Sources */ = {isa = PBXBuildFile; fileRef = F308BBE7017D9DCE7A22C516 /* DiagnosticsStore.swift */; };
		669B3CED8DEA3B501B907829 /* GenerationEvent.swift in Sources */ = {isa = PBXBuildFile; fileRef = E3FD4FB8F474A92B165014EC /* GenerationEvent.swift */; };
		68EF40D1BBF3FD1FFA1EA41C /* SHA256VerifierTests.swift in Sources */ = {isa = PBXBuildFile; fileRef = A56D7B37B900689E205245A5 /* SHA256VerifierTests.swift */; };
		6AF72EEB6A16B6DDA075287C /* OfflineTool.swift in Sources */ = {isa = PBXBuildFile; fileRef = 0D1CC344657419A291AC27F2 /* OfflineTool.swift */; };
		70EA7C9605F2D83D663A98C4 /* ModelDownloadSessionHolder.swift in Sources */ = {isa = PBXBuildFile; fileRef = DF353AB043C4DA845E2A2E09 /* ModelDownloadSessionHolder.swift */; };
		748051C92D6922AEAFEC8907 /* ModelArchiveImporterHostMetadataTests.swift in Sources */ = {isa = PBXBuildFile; fileRef = 1D67F10949D64049D3272FCD /* ModelArchiveImporterHostMetadataTests.swift */; };
		7659611438EEE5EFBABDEE72 /* BackgroundTransferPromoterTests.swift in Sources */ = {isa = PBXBuildFile; fileRef = 3EA39828481B42E66BC5B98A /* BackgroundTransferPromoterTests.swift */; };
		7758A0E1B08677C85A3C0471 /* MLXInferenceIntegrationTests.swift in Sources */ = {isa = PBXBuildFile; fileRef = 07F78A25A3DEF229FBB2ECE9 /* MLXInferenceIntegrationTests.swift */; };
		8018DA8DD46F0FBF1C92298F /* BackgroundTransferLedgerTests.swift in Sources */ = {isa = PBXBuildFile; fileRef = B0410EA01F4A4238343A9374 /* BackgroundTransferLedgerTests.swift */; };
		83571042889BEFB27AC3E766 /* NotesTool.swift in Sources */ = {isa = PBXBuildFile; fileRef = 33B170B2A8A28CE57D35CE69 /* NotesTool.swift */; };
		837067C54429073A55FAF0E3 /* ModelDownloadIntegrationTests.swift in Sources */ = {isa = PBXBuildFile; fileRef = DA0B0FA5469961883A56F212 /* ModelDownloadIntegrationTests.swift */; };
		86CDBE5F469E3172C6FE7DBA /* QuietGardenViewModelTests.swift in Sources */ = {isa = PBXBuildFile; fileRef = 24E2ADB63028B91ED42CAA69 /* QuietGardenViewModelTests.swift */; };
		895C02F6C86D4092F3BEFB48 /* NotesToolTests.swift in Sources */ = {isa = PBXBuildFile; fileRef = D485E849AE4F2D927616F89A /* NotesToolTests.swift */; };
		8D81F9FD101A2768EA229906 /* AgentActivityView.swift in Sources */ = {isa = PBXBuildFile; fileRef = F4C39835F872588B4CFEB261 /* AgentActivityView.swift */; };
		90A55DA27F8DF61688C9393B /* manifest.json in Resources */ = {isa = PBXBuildFile; fileRef = 3EE12FEE6B1549544599B272 /* manifest.json */; };
		91DBDE622CC08EBC454136EC /* ResourceRecoveryTests.swift in Sources */ = {isa = PBXBuildFile; fileRef = 774CF30BE40AAE8E99351F76 /* ResourceRecoveryTests.swift */; };
		943838EEA36C1C1D8D0C4CAE /* ToolContracts.swift in Sources */ = {isa = PBXBuildFile; fileRef = B712483BA9C8DF8116DC1D4D /* ToolContracts.swift */; };
		94592C1C19F5E89001260432 /* ChatViewModel.swift in Sources */ = {isa = PBXBuildFile; fileRef = E68C4C36C6F9AB2055985F50 /* ChatViewModel.swift */; };
		97132FE92A5B99FC6A9C5685 /* ModelFileTransport.swift in Sources */ = {isa = PBXBuildFile; fileRef = 5CE47A0DEE7166D8D3D5F237 /* ModelFileTransport.swift */; };
		992CAC849A53DFA6A65B5B14 /* ComposerView.swift in Sources */ = {isa = PBXBuildFile; fileRef = A71666051AED75A82AF4031A /* ComposerView.swift */; };
		9D2F344B016BE93665FAC192 /* ChatSessionTests.swift in Sources */ = {isa = PBXBuildFile; fileRef = 1DB687A6229173AAC88D4531 /* ChatSessionTests.swift */; };
		9D71CB1079F07B18F6996623 /* CalculatorParserTests.swift in Sources */ = {isa = PBXBuildFile; fileRef = F8F1710CFCAF622A3721CD0D /* CalculatorParserTests.swift */; };
		9FFFBFE48F0753782B715D62 /* DeviceInfoTool.swift in Sources */ = {isa = PBXBuildFile; fileRef = 04C926C06C3B71D072BD7061 /* DeviceInfoTool.swift */; };
		A25657A0C1DF250348B6C06E /* QuietGardenTheme.swift in Sources */ = {isa = PBXBuildFile; fileRef = A605AA812EBBE595E13E3B3F /* QuietGardenTheme.swift */; };
		A51DC54EE357885E5DDB5D76 /* URLSessionModelFileTransport.swift in Sources */ = {isa = PBXBuildFile; fileRef = A3E96940CC5B6E831FE6D5ED /* URLSessionModelFileTransport.swift */; };
		A6C7FC2E996D5323766F873E /* CalculatorParser.swift in Sources */ = {isa = PBXBuildFile; fileRef = 6937CDF49B8D569B64415F16 /* CalculatorParser.swift */; };
		A75FC700E172EE9DDA8C4562 /* AtomicJSONStore.swift in Sources */ = {isa = PBXBuildFile; fileRef = 509DCF410C475AB1D64EAEAC /* AtomicJSONStore.swift */; };
		A8BCA6AA9E2ABD2C6B0EFA24 /* AgentLoop.swift in Sources */ = {isa = PBXBuildFile; fileRef = 12382051F1987012BC76ACDA /* AgentLoop.swift */; };
		A96E3680D4113BDA67852F0A /* BackgroundTransferRestorationTests.swift in Sources */ = {isa = PBXBuildFile; fileRef = 2C8990C9A529F5D5F8320B31 /* BackgroundTransferRestorationTests.swift */; };
		A99E31F53935FE5911D4299E /* ConversationStoreTests.swift in Sources */ = {isa = PBXBuildFile; fileRef = B1856A605399076F643EF79D /* ConversationStoreTests.swift */; };
		AE77A7DF0C8FAAA14DBE3F6E /* ModelDescriptor.swift in Sources */ = {isa = PBXBuildFile; fileRef = 843AAD749652A7FEB690E7CD /* ModelDescriptor.swift */; };
		B1EADCA0FAE246BFB79C2258 /* MLXHuggingFace in Frameworks */ = {isa = PBXBuildFile; productRef = 95D56B5E7F56FB8C5CCAA9FD /* MLXHuggingFace */; };
		B48F8998EBF60B95A86BEE4B /* DeviceQualification.swift in Sources */ = {isa = PBXBuildFile; fileRef = FBBA6F970B4898D435D262A3 /* DeviceQualification.swift */; };
		B4CA02E67805BABF37A70DC3 /* MLXGenerationOrderingTests.swift in Sources */ = {isa = PBXBuildFile; fileRef = 62856642DEAA4A0979D915F6 /* MLXGenerationOrderingTests.swift */; };
		B70F9060A3D924488F6DA231 /* BackgroundTransferBodyStore.swift in Sources */ = {isa = PBXBuildFile; fileRef = 923116C1A669C71329B4EC80 /* BackgroundTransferBodyStore.swift */; };
		C05B63CC512F7956EBBBEAB0 /* RootView.swift in Sources */ = {isa = PBXBuildFile; fileRef = D4D83E650458ED94113669B2 /* RootView.swift */; };
		C84ECD6F2C4F2B370FF32590 /* ConversationStore.swift in Sources */ = {isa = PBXBuildFile; fileRef = 66EE46124D28DB7A53A91EB0 /* ConversationStore.swift */; };
		C8FFA0CCBA35DB8C52596398 /* DiagnosticsTests.swift in Sources */ = {isa = PBXBuildFile; fileRef = D8B977331F76B0EC839002D8 /* DiagnosticsTests.swift */; };
		D4345CB4BFA46B46F6B53CA0 /* RuntimeProbeIntegrationTests.swift in Sources */ = {isa = PBXBuildFile; fileRef = 4716D451896187CAE2B44A74 /* RuntimeProbeIntegrationTests.swift */; };
		D73F0C917C2EB89A68637BB9 /* ChatSessionConcurrencyTests.swift in Sources */ = {isa = PBXBuildFile; fileRef = 5539D848198FD09C71A93836 /* ChatSessionConcurrencyTests.swift */; };
		DA30BEF12D61F08525F802F7 /* ToolRegistry.swift in Sources */ = {isa = PBXBuildFile; fileRef = BB08CBD553F8AA7F7AC1EFA4 /* ToolRegistry.swift */; };
		DB7731B35E68B0D43ADB0AC7 /* ModelTransportPolicyTests.swift in Sources */ = {isa = PBXBuildFile; fileRef = E503A0EDD77ED1ECF44BBE9B /* ModelTransportPolicyTests.swift */; };
		E1A54858A3DE70F958CB2E5A /* .gitkeep in Resources */ = {isa = PBXBuildFile; fileRef = B7E24895C180A2118B61CC6F /* .gitkeep */; };
		E1A6F293DFFD0C24D055FA0E /* SHA256Verifier.swift in Sources */ = {isa = PBXBuildFile; fileRef = 59DE00A61BB76B96221D88B4 /* SHA256Verifier.swift */; };
		E45C9D1D8E46E89C61DBD5A4 /* DateTool.swift in Sources */ = {isa = PBXBuildFile; fileRef = ECA8FBB444CFB15C41C42677 /* DateTool.swift */; };
		E5B0983F6B1345DD64A3A4A7 /* NotesStore.swift in Sources */ = {isa = PBXBuildFile; fileRef = 71D2725420539447C7CE7BD5 /* NotesStore.swift */; };
		EFB0516CC338E2BF0DDBFF3F /* ModelLibraryView.swift in Sources */ = {isa = PBXBuildFile; fileRef = F02A06B6F5DB18067D78ED5B /* ModelLibraryView.swift */; };
		F0C1C7D667B41546CA6127DB /* ModelLibraryDeleteTests.swift in Sources */ = {isa = PBXBuildFile; fileRef = 8C8C74B046A52235C41D0614 /* ModelLibraryDeleteTests.swift */; };
		F2074A777180F693994796FE /* QuietGardenRenderingTests.swift in Sources */ = {isa = PBXBuildFile; fileRef = 2D482C19BC03C0476CE07D50 /* QuietGardenRenderingTests.swift */; };
		F254AF5051FB0E33AF5F7672 /* ModelLibrary.swift in Sources */ = {isa = PBXBuildFile; fileRef = 09D3F5EA04B40FF9FDFB01AA /* ModelLibrary.swift */; };
		F39ADD489DDC2FC5B1D31A95 /* ModelLibraryTypes.swift in Sources */ = {isa = PBXBuildFile; fileRef = F9C5239DAAB0A9F813B82EA7 /* ModelLibraryTypes.swift */; };
		F55485129B5112B1ABF9EF67 /* Conversation.swift in Sources */ = {isa = PBXBuildFile; fileRef = 84604A68F735EF3D161BC049 /* Conversation.swift */; };
		F5DC52FA5237E02164DA2221 /* BackgroundTransferPromoter.swift in Sources */ = {isa = PBXBuildFile; fileRef = 8C34C3FBC9422689CCE1AB67 /* BackgroundTransferPromoter.swift */; };
		F760B7C6F59E0393656487A9 /* ContextTrimmerTests.swift in Sources */ = {isa = PBXBuildFile; fileRef = 8BB60E5AEDDBBBDF208E6900 /* ContextTrimmerTests.swift */; };
		FBDFB5872AE378D14DFD8BD7 /* MLXGenerationMapper.swift in Sources */ = {isa = PBXBuildFile; fileRef = BB4E76C388E340BEAC8B6031 /* MLXGenerationMapper.swift */; };
/* End PBXBuildFile section */

/* Begin PBXContainerItemProxy section */
		093216AD2BDC314277C02580 /* PBXContainerItemProxy */ = {
			isa = PBXContainerItemProxy;
			containerPortal = 16AD27B2C706E59641499B96 /* Project object */;
			proxyType = 1;
			remoteGlobalIDString = 4F1A4BC7D2BBD00131D935B9;
			remoteInfo = BonsaiMobile;
		};
		454FF90456F4A77CC3CCBC6B /* PBXContainerItemProxy */ = {
			isa = PBXContainerItemProxy;
			containerPortal = 16AD27B2C706E59641499B96 /* Project object */;
			proxyType = 1;
			remoteGlobalIDString = 4F1A4BC7D2BBD00131D935B9;
			remoteInfo = BonsaiMobile;
		};
		F9F62BABC143A842D0526E6D /* PBXContainerItemProxy */ = {
			isa = PBXContainerItemProxy;
			containerPortal = 16AD27B2C706E59641499B96 /* Project object */;
			proxyType = 1;
			remoteGlobalIDString = 4F1A4BC7D2BBD00131D935B9;
			remoteInfo = BonsaiMobile;
		};
/* End PBXContainerItemProxy section */

/* Begin PBXFileReference section */
		04C926C06C3B71D072BD7061 /* DeviceInfoTool.swift */ = {isa = PBXFileReference; lastKnownFileType = sourcecode.swift; path = DeviceInfoTool.swift; sourceTree = "<group>"; };
		0761FE947B57152210BEC438 /* OfflineToolTests.swift */ = {isa = PBXFileReference; lastKnownFileType = sourcecode.swift; path = OfflineToolTests.swift; sourceTree = "<group>"; };
		07F78A25A3DEF229FBB2ECE9 /* MLXInferenceIntegrationTests.swift */ = {isa = PBXFileReference; lastKnownFileType = sourcecode.swift; path = MLXInferenceIntegrationTests.swift; sourceTree = "<group>"; };
		09D3F5EA04B40FF9FDFB01AA /* ModelLibrary.swift */ = {isa = PBXFileReference; lastKnownFileType = sourcecode.swift; path = ModelLibrary.swift; sourceTree = "<group>"; };
		0D1CC344657419A291AC27F2 /* OfflineTool.swift */ = {isa = PBXFileReference; lastKnownFileType = sourcecode.swift; path = OfflineTool.swift; sourceTree = "<group>"; };
		12382051F1987012BC76ACDA /* AgentLoop.swift */ = {isa = PBXFileReference; lastKnownFileType = sourcecode.swift; path = AgentLoop.swift; sourceTree = "<group>"; };
		1B048FB3FF861E2BB6E7D2AE /* MLXInferenceLifecycleTests.swift */ = {isa = PBXFileReference; lastKnownFileType = sourcecode.swift; path = MLXInferenceLifecycleTests.swift; sourceTree = "<group>"; };
		1D67F10949D64049D3272FCD /* ModelArchiveImporterHostMetadataTests.swift */ = {isa = PBXFileReference; lastKnownFileType = sourcecode.swift; path = ModelArchiveImporterHostMetadataTests.swift; sourceTree = "<group>"; };
		1DB687A6229173AAC88D4531 /* ChatSessionTests.swift */ = {isa = PBXFileReference; lastKnownFileType = sourcecode.swift; path = ChatSessionTests.swift; sourceTree = "<group>"; };
		1DC460FE46506A12403B3E91 /* InferenceEngine.swift */ = {isa = PBXFileReference; lastKnownFileType = sourcecode.swift; path = InferenceEngine.swift; sourceTree = "<group>"; };
		213E3C6095AA9D82261353B2 /* SuspendingModelTransport.swift */ = {isa = PBXFileReference; lastKnownFileType = sourcecode.swift; path = SuspendingModelTransport.swift; sourceTree = "<group>"; };
		220E4995627C7B667E6CE3D8 /* BackgroundTransferCompletionRegistry.swift */ = {isa = PBXFileReference; lastKnownFileType = sourcecode.swift; path = BackgroundTransferCompletionRegistry.swift; sourceTree = "<group>"; };
		24E2ADB63028B91ED42CAA69 /* QuietGardenViewModelTests.swift */ = {isa = PBXFileReference; lastKnownFileType = sourcecode.swift; path = QuietGardenViewModelTests.swift; sourceTree = "<group>"; };
		2C8990C9A529F5D5F8320B31 /* BackgroundTransferRestorationTests.swift */ = {isa = PBXFileReference; lastKnownFileType = sourcecode.swift; path = BackgroundTransferRestorationTests.swift; sourceTree = "<group>"; };
		2D482C19BC03C0476CE07D50 /* QuietGardenRenderingTests.swift */ = {isa = PBXFileReference; lastKnownFileType = sourcecode.swift; path = QuietGardenRenderingTests.swift; sourceTree = "<group>"; };
		33B170B2A8A28CE57D35CE69 /* NotesTool.swift */ = {isa = PBXFileReference; lastKnownFileType = sourcecode.swift; path = NotesTool.swift; sourceTree = "<group>"; };
		33C44325F2B36B9680594A62 /* ModelLibraryTests.swift */ = {isa = PBXFileReference; lastKnownFileType = sourcecode.swift; path = ModelLibraryTests.swift; sourceTree = "<group>"; };
		384787FBE7D7E3EB67779536 /* MLXRuntime.swift */ = {isa = PBXFileReference; lastKnownFileType = sourcecode.swift; path = MLXRuntime.swift; sourceTree = "<group>"; };
		3EA39828481B42E66BC5B98A /* BackgroundTransferPromoterTests.swift */ = {isa = PBXFileReference; lastKnownFileType = sourcecode.swift; path = BackgroundTransferPromoterTests.swift; sourceTree = "<group>"; };
		3EE12FEE6B1549544599B272 /* manifest.json */ = {isa = PBXFileReference; lastKnownFileType = text.json; path = manifest.json; sourceTree = "<group>"; };
		4565078E0DBE173835DEB134 /* Base.xcconfig */ = {isa = PBXFileReference; lastKnownFileType = text.xcconfig; path = Base.xcconfig; sourceTree = "<group>"; };
		461F66A0869E5B61EAD4195D /* ReasoningRouter.swift */ = {isa = PBXFileReference; lastKnownFileType = sourcecode.swift; path = ReasoningRouter.swift; sourceTree = "<group>"; };
		4651A7CF5BF341647B37C4AB /* DeviceQualifier.swift */ = {isa = PBXFileReference; lastKnownFileType = sourcecode.swift; path = DeviceQualifier.swift; sourceTree = "<group>"; };
		4716D451896187CAE2B44A74 /* RuntimeProbeIntegrationTests.swift */ = {isa = PBXFileReference; lastKnownFileType = sourcecode.swift; path = RuntimeProbeIntegrationTests.swift; sourceTree = "<group>"; };
		4AD4599B0C75322E14F23F65 /* BonsaiMobileTests.xctest */ = {isa = PBXFileReference; includeInIndex = 0; lastKnownFileType = wrapper.cfbundle; path = BonsaiMobileTests.xctest; sourceTree = BUILT_PRODUCTS_DIR; };
		502550153658C57F05999C3B /* Diagnostics.swift */ = {isa = PBXFileReference; lastKnownFileType = sourcecode.swift; path = Diagnostics.swift; sourceTree = "<group>"; };
		509DCF410C475AB1D64EAEAC /* AtomicJSONStore.swift */ = {isa = PBXFileReference; lastKnownFileType = sourcecode.swift; path = AtomicJSONStore.swift; sourceTree = "<group>"; };
		5539D848198FD09C71A93836 /* ChatSessionConcurrencyTests.swift */ = {isa = PBXFileReference; lastKnownFileType = sourcecode.swift; path = ChatSessionConcurrencyTests.swift; sourceTree = "<group>"; };
		5611C793C730ECD6BA228BCE /* BonsaiMobileUITests.xctest */ = {isa = PBXFileReference; includeInIndex = 0; lastKnownFileType = wrapper.cfbundle; path = BonsaiMobileUITests.xctest; sourceTree = BUILT_PRODUCTS_DIR; };
		576BFA32B74FAFA0D73954D0 /* LiveAppServices.swift */ = {isa = PBXFileReference; lastKnownFileType = sourcecode.swift; path = LiveAppServices.swift; sourceTree = "<group>"; };
		59DE00A61BB76B96221D88B4 /* SHA256Verifier.swift */ = {isa = PBXFileReference; lastKnownFileType = sourcecode.swift; path = SHA256Verifier.swift; sourceTree = "<group>"; };
		5B22E9B7C916E74BE90126ED /* DeviceQualifierTests.swift */ = {isa = PBXFileReference; lastKnownFileType = sourcecode.swift; path = DeviceQualifierTests.swift; sourceTree = "<group>"; };
		5CE47A0DEE7166D8D3D5F237 /* ModelFileTransport.swift */ = {isa = PBXFileReference; lastKnownFileType = sourcecode.swift; path = ModelFileTransport.swift; sourceTree = "<group>"; };
		61D695EE149EFC0A40D13F02 /* ArchiveMetadataValidator.swift */ = {isa = PBXFileReference; lastKnownFileType = sourcecode.swift; path = ArchiveMetadataValidator.swift; sourceTree = "<group>"; };
		62856642DEAA4A0979D915F6 /* MLXGenerationOrderingTests.swift */ = {isa = PBXFileReference; lastKnownFileType = sourcecode.swift; path = MLXGenerationOrderingTests.swift; sourceTree = "<group>"; };
		65BE39AC0229CEE3C2C20AC6 /* ReasoningRouterTests.swift */ = {isa = PBXFileReference; lastKnownFileType = sourcecode.swift; path = ReasoningRouterTests.swift; sourceTree = "<group>"; };
		664036C4891B230797661F95 /* ModelArchiveImporterTests.swift */ = {isa = PBXFileReference; lastKnownFileType = sourcecode.swift; path = ModelArchiveImporterTests.swift; sourceTree = "<group>"; };
		666DE75FE333B9837276F6AE /* BackgroundTransferLedger.swift */ = {isa = PBXFileReference; lastKnownFileType = sourcecode.swift; path = BackgroundTransferLedger.swift; sourceTree = "<group>"; };
		66EE46124D28DB7A53A91EB0 /* ConversationStore.swift */ = {isa = PBXFileReference; lastKnownFileType = sourcecode.swift; path = ConversationStore.swift; sourceTree = "<group>"; };
		6937CDF49B8D569B64415F16 /* CalculatorParser.swift */ = {isa = PBXFileReference; lastKnownFileType = sourcecode.swift; path = CalculatorParser.swift; sourceTree = "<group>"; };
		71D2725420539447C7CE7BD5 /* NotesStore.swift */ = {isa = PBXFileReference; lastKnownFileType = sourcecode.swift; path = NotesStore.swift; sourceTree = "<group>"; };
		7710E5D0CB4F246613D1A989 /* mlx-swift-lm */ = {isa = PBXFileReference; lastKnownFileType = folder; name = "mlx-swift-lm"; path = ".build-dependencies/mlx-swift-lm"; sourceTree = SOURCE_ROOT; };
		774CF30BE40AAE8E99351F76 /* ResourceRecoveryTests.swift */ = {isa = PBXFileReference; lastKnownFileType = sourcecode.swift; path = ResourceRecoveryTests.swift; sourceTree = "<group>"; };
		7B9E498AAB7E2658737AAD97 /* RuntimeProbeTests.swift */ = {isa = PBXFileReference; lastKnownFileType = sourcecode.swift; path = RuntimeProbeTests.swift; sourceTree = "<group>"; };
		80CD60535559E606DBF0F046 /* ModelLibraryViewModel.swift */ = {isa = PBXFileReference; lastKnownFileType = sourcecode.swift; path = ModelLibraryViewModel.swift; sourceTree = "<group>"; };
		843AAD749652A7FEB690E7CD /* ModelDescriptor.swift */ = {isa = PBXFileReference; lastKnownFileType = sourcecode.swift; path = ModelDescriptor.swift; sourceTree = "<group>"; };
		84604A68F735EF3D161BC049 /* Conversation.swift */ = {isa = PBXFileReference; lastKnownFileType = sourcecode.swift; path = Conversation.swift; sourceTree = "<group>"; };
		8BB60E5AEDDBBBDF208E6900 /* ContextTrimmerTests.swift */ = {isa = PBXFileReference; lastKnownFileType = sourcecode.swift; path = ContextTrimmerTests.swift; sourceTree = "<group>"; };
		8C34C3FBC9422689CCE1AB67 /* BackgroundTransferPromoter.swift */ = {isa = PBXFileReference; lastKnownFileType = sourcecode.swift; path = BackgroundTransferPromoter.swift; sourceTree = "<group>"; };
		8C8C74B046A52235C41D0614 /* ModelLibraryDeleteTests.swift */ = {isa = PBXFileReference; lastKnownFileType = sourcecode.swift; path = ModelLibraryDeleteTests.swift; sourceTree = "<group>"; };
		8C93D2F771D42F593A736FAB /* DomainContractTests.swift */ = {isa = PBXFileReference; lastKnownFileType = sourcecode.swift; path = DomainContractTests.swift; sourceTree = "<group>"; };
		923116C1A669C71329B4EC80 /* BackgroundTransferBodyStore.swift */ = {isa = PBXFileReference; lastKnownFileType = sourcecode.swift; path = BackgroundTransferBodyStore.swift; sourceTree = "<group>"; };
		935208CF02581A0AC42CFC41 /* AgentLoopProtocolTests.swift */ = {isa = PBXFileReference; lastKnownFileType = sourcecode.swift; path = AgentLoopProtocolTests.swift; sourceTree = "<group>"; };
		952A2D74B43F98B0EE43E369 /* BonsaiMobile.app */ = {isa = PBXFileReference; includeInIndex = 0; lastKnownFileType = wrapper.application; path = BonsaiMobile.app; sourceTree = BUILT_PRODUCTS_DIR; };
		96788F4B0A9094EAF9120986 /* MLXInferenceEngine.swift */ = {isa = PBXFileReference; lastKnownFileType = sourcecode.swift; path = MLXInferenceEngine.swift; sourceTree = "<group>"; };
		9A50A852C61912BB4AB1097F /* ArchiveMetadataValidatorTests.swift */ = {isa = PBXFileReference; lastKnownFileType = sourcecode.swift; path = ArchiveMetadataValidatorTests.swift; sourceTree = "<group>"; };
		A03640C2EC9090EF0A788975 /* BackgroundModelDownloadCoordinator.swift */ = {isa = PBXFileReference; lastKnownFileType = sourcecode.swift; path = BackgroundModelDownloadCoordinator.swift; sourceTree = "<group>"; };
		A3E96940CC5B6E831FE6D5ED /* URLSessionModelFileTransport.swift */ = {isa = PBXFileReference; lastKnownFileType = sourcecode.swift; path = URLSessionModelFileTransport.swift; sourceTree = "<group>"; };
		A56D7B37B900689E205245A5 /* SHA256VerifierTests.swift */ = {isa = PBXFileReference; lastKnownFileType = sourcecode.swift; path = SHA256VerifierTests.swift; sourceTree = "<group>"; };
		A605AA812EBBE595E13E3B3F /* QuietGardenTheme.swift */ = {isa = PBXFileReference; lastKnownFileType = sourcecode.swift; path = QuietGardenTheme.swift; sourceTree = "<group>"; };
		A71666051AED75A82AF4031A /* ComposerView.swift */ = {isa = PBXFileReference; lastKnownFileType = sourcecode.swift; path = ComposerView.swift; sourceTree = "<group>"; };
		A919988D561A3A020D6DED81 /* ModelImporter.swift */ = {isa = PBXFileReference; lastKnownFileType = sourcecode.swift; path = ModelImporter.swift; sourceTree = "<group>"; };
		B0410EA01F4A4238343A9374 /* BackgroundTransferLedgerTests.swift */ = {isa = PBXFileReference; lastKnownFileType = sourcecode.swift; path = BackgroundTransferLedgerTests.swift; sourceTree = "<group>"; };
		B1856A605399076F643EF79D /* ConversationStoreTests.swift */ = {isa = PBXFileReference; lastKnownFileType = sourcecode.swift; path = ConversationStoreTests.swift; sourceTree = "<group>"; };
		B712483BA9C8DF8116DC1D4D /* ToolContracts.swift */ = {isa = PBXFileReference; lastKnownFileType = sourcecode.swift; path = ToolContracts.swift; sourceTree = "<group>"; };
		B7E24895C180A2118B61CC6F /* .gitkeep */ = {isa = PBXFileReference; path = .gitkeep; sourceTree = "<group>"; };
		BB08CBD553F8AA7F7AC1EFA4 /* ToolRegistry.swift */ = {isa = PBXFileReference; lastKnownFileType = sourcecode.swift; path = ToolRegistry.swift; sourceTree = "<group>"; };
		BB4E76C388E340BEAC8B6031 /* MLXGenerationMapper.swift */ = {isa = PBXFileReference; lastKnownFileType = sourcecode.swift; path = MLXGenerationMapper.swift; sourceTree = "<group>"; };
		C0668D4C090309F3550836AE /* BonsaiMobileIntegrationTests.xctest */ = {isa = PBXFileReference; includeInIndex = 0; lastKnownFileType = wrapper.cfbundle; path = BonsaiMobileIntegrationTests.xctest; sourceTree = BUILT_PRODUCTS_DIR; };
		D2A627188F789010FCE43EB8 /* AgentLoopTests.swift */ = {isa = PBXFileReference; lastKnownFileType = sourcecode.swift; path = AgentLoopTests.swift; sourceTree = "<group>"; };
		D485E849AE4F2D927616F89A /* NotesToolTests.swift */ = {isa = PBXFileReference; lastKnownFileType = sourcecode.swift; path = NotesToolTests.swift; sourceTree = "<group>"; };
		D4D83E650458ED94113669B2 /* RootView.swift */ = {isa = PBXFileReference; lastKnownFileType = sourcecode.swift; path = RootView.swift; sourceTree = "<group>"; };
		D535E116AC0B51308C08C857 /* CoreFlowUITests.swift */ = {isa = PBXFileReference; lastKnownFileType = sourcecode.swift; path = CoreFlowUITests.swift; sourceTree = "<group>"; };
		D68DF4452DDE0A73225C13C6 /* ChatSession.swift */ = {isa = PBXFileReference; lastKnownFileType = sourcecode.swift; path = ChatSession.swift; sourceTree = "<group>"; };
		D8B977331F76B0EC839002D8 /* DiagnosticsTests.swift */ = {isa = PBXFileReference; lastKnownFileType = sourcecode.swift; path = DiagnosticsTests.swift; sourceTree = "<group>"; };
		D9256304A6FC9A4B006FB181 /* ChatView.swift */ = {isa = PBXFileReference; lastKnownFileType = sourcecode.swift; path = ChatView.swift; sourceTree = "<group>"; };
		DA0B0FA5469961883A56F212 /* ModelDownloadIntegrationTests.swift */ = {isa = PBXFileReference; lastKnownFileType = sourcecode.swift; path = ModelDownloadIntegrationTests.swift; sourceTree = "<group>"; };
		DB8F93A9408A4EE6F88333F3 /* BonsaiMobileApp.swift */ = {isa = PBXFileReference; lastKnownFileType = sourcecode.swift; path = BonsaiMobileApp.swift; sourceTree = "<group>"; };
		DF353AB043C4DA845E2A2E09 /* ModelDownloadSessionHolder.swift */ = {isa = PBXFileReference; lastKnownFileType = sourcecode.swift; path = ModelDownloadSessionHolder.swift; sourceTree = "<group>"; };
		E26303C6DAE2A41B08BE2ED6 /* ReasoningDisclosure.swift */ = {isa = PBXFileReference; lastKnownFileType = sourcecode.swift; path = ReasoningDisclosure.swift; sourceTree = "<group>"; };
		E2CD42F0E3633879D4BD3E82 /* ResourceMonitor.swift */ = {isa = PBXFileReference; lastKnownFileType = sourcecode.swift; path = ResourceMonitor.swift; sourceTree = "<group>"; };
		E3FD4FB8F474A92B165014EC /* GenerationEvent.swift */ = {isa = PBXFileReference; lastKnownFileType = sourcecode.swift; path = GenerationEvent.swift; sourceTree = "<group>"; };
		E4E3FB0DD7EA8B00AC460394 /* AtomicJSONStoreTests.swift */ = {isa = PBXFileReference; lastKnownFileType = sourcecode.swift; path = AtomicJSONStoreTests.swift; sourceTree = "<group>"; };
		E503A0EDD77ED1ECF44BBE9B /* ModelTransportPolicyTests.swift */ = {isa = PBXFileReference; lastKnownFileType = sourcecode.swift; path = ModelTransportPolicyTests.swift; sourceTree = "<group>"; };
		E68C4C36C6F9AB2055985F50 /* ChatViewModel.swift */ = {isa = PBXFileReference; lastKnownFileType = sourcecode.swift; path = ChatViewModel.swift; sourceTree = "<group>"; };
		ECA8FBB444CFB15C41C42677 /* DateTool.swift */ = {isa = PBXFileReference; lastKnownFileType = sourcecode.swift; path = DateTool.swift; sourceTree = "<group>"; };
		EE1941D7998FF20C29537779 /* InferenceMappingTests.swift */ = {isa = PBXFileReference; lastKnownFileType = sourcecode.swift; path = InferenceMappingTests.swift; sourceTree = "<group>"; };
		EE7E78660BF6A2E0B953F04E /* RuntimeProbe.swift */ = {isa = PBXFileReference; lastKnownFileType = sourcecode.swift; path = RuntimeProbe.swift; sourceTree = "<group>"; };
		F02A06B6F5DB18067D78ED5B /* ModelLibraryView.swift */ = {isa = PBXFileReference; lastKnownFileType = sourcecode.swift; path = ModelLibraryView.swift; sourceTree = "<group>"; };
		F0BACEDE0B1749D71819FC44 /* BonsaiAppDelegate.swift */ = {isa = PBXFileReference; lastKnownFileType = sourcecode.swift; path = BonsaiAppDelegate.swift; sourceTree = "<group>"; };
		F308BBE7017D9DCE7A22C516 /* DiagnosticsStore.swift */ = {isa = PBXFileReference; lastKnownFileType = sourcecode.swift; path = DiagnosticsStore.swift; sourceTree = "<group>"; };
		F4C39835F872588B4CFEB261 /* AgentActivityView.swift */ = {isa = PBXFileReference; lastKnownFileType = sourcecode.swift; path = AgentActivityView.swift; sourceTree = "<group>"; };
		F8F1710CFCAF622A3721CD0D /* CalculatorParserTests.swift */ = {isa = PBXFileReference; lastKnownFileType = sourcecode.swift; path = CalculatorParserTests.swift; sourceTree = "<group>"; };
		F94951512FC7DFC224F0BE48 /* BackgroundTransferCompletionRegistryTests.swift */ = {isa = PBXFileReference; lastKnownFileType = sourcecode.swift; path = BackgroundTransferCompletionRegistryTests.swift; sourceTree = "<group>"; };
		F9C5239DAAB0A9F813B82EA7 /* ModelLibraryTypes.swift */ = {isa = PBXFileReference; lastKnownFileType = sourcecode.swift; path = ModelLibraryTypes.swift; sourceTree = "<group>"; };
		FB6844A1C9F2CD1F44BB7CEB /* .gitkeep */ = {isa = PBXFileReference; path = .gitkeep; sourceTree = "<group>"; };
		FBBA6F970B4898D435D262A3 /* DeviceQualification.swift */ = {isa = PBXFileReference; lastKnownFileType = sourcecode.swift; path = DeviceQualification.swift; sourceTree = "<group>"; };
		FBFEF9BB93A7EB2B1C9ED744 /* ContextTrimmer.swift */ = {isa = PBXFileReference; lastKnownFileType = sourcecode.swift; path = ContextTrimmer.swift; sourceTree = "<group>"; };
		FD2D09A513F78C6AABAB103C /* BackgroundTransferLedgerStorage.swift */ = {isa = PBXFileReference; lastKnownFileType = sourcecode.swift; path = BackgroundTransferLedgerStorage.swift; sourceTree = "<group>"; };
/* End PBXFileReference section */

/* Begin PBXFrameworksBuildPhase section */
		4B91EAB9287D3F25CAB207EE /* Frameworks */ = {
			isa = PBXFrameworksBuildPhase;
			buildActionMask = 2147483647;
			files = (
				3EEA47A5E8CCE2F09D5B567C /* MLXLLM in Frameworks */,
				62DD436A7B70739EC12B46B7 /* MLXVLM in Frameworks */,
				0DC5787FD6497E652FEC2AC3 /* MLXLMCommon in Frameworks */,
				B1EADCA0FAE246BFB79C2258 /* MLXHuggingFace in Frameworks */,
				2F536ED65F34A88DEF23ED07 /* Tokenizers in Frameworks */,
				24C250F27F5F7EC29F652946 /* ZIPFoundation in Frameworks */,
			);
			runOnlyForDeploymentPostprocessing = 0;
		};
		92111FAF200C3DFAB06C0095 /* Frameworks */ = {
			isa = PBXFrameworksBuildPhase;
			buildActionMask = 2147483647;
			files = (
				54A28CC170CAF0D11F68C62F /* ZIPFoundation in Frameworks */,
			);
			runOnlyForDeploymentPostprocessing = 0;
		};
/* End PBXFrameworksBuildPhase section */

/* Begin PBXGroup section */
		3DCED7AAB2C5C7FFD0939909 /* ModelLibrary */ = {
			isa = PBXGroup;
			children = (
				61D695EE149EFC0A40D13F02 /* ArchiveMetadataValidator.swift */,
				A03640C2EC9090EF0A788975 /* BackgroundModelDownloadCoordinator.swift */,
				923116C1A669C71329B4EC80 /* BackgroundTransferBodyStore.swift */,
				220E4995627C7B667E6CE3D8 /* BackgroundTransferCompletionRegistry.swift */,
				666DE75FE333B9837276F6AE /* BackgroundTransferLedger.swift */,
				FD2D09A513F78C6AABAB103C /* BackgroundTransferLedgerStorage.swift */,
				8C34C3FBC9422689CCE1AB67 /* BackgroundTransferPromoter.swift */,
				4651A7CF5BF341647B37C4AB /* DeviceQualifier.swift */,
				DF353AB043C4DA845E2A2E09 /* ModelDownloadSessionHolder.swift */,
				5CE47A0DEE7166D8D3D5F237 /* ModelFileTransport.swift */,
				A919988D561A3A020D6DED81 /* ModelImporter.swift */,
				09D3F5EA04B40FF9FDFB01AA /* ModelLibrary.swift */,
				F9C5239DAAB0A9F813B82EA7 /* ModelLibraryTypes.swift */,
				59DE00A61BB76B96221D88B4 /* SHA256Verifier.swift */,
				A3E96940CC5B6E831FE6D5ED /* URLSessionModelFileTransport.swift */,
			);
			path = ModelLibrary;
			sourceTree = "<group>";
		};
		41C28FE3387C617F53E544CF /* Sources */ = {
			isa = PBXGroup;
			children = (
				AE6A8D767311D2E6568B84F1 /* Agent */,
				95EF8E8216046EAE19058DB4 /* App */,
				6E1400D4D463D667CF24B4A8 /* Domain */,
				C8ACD0F3C5A5E05397DDDCC0 /* Features */,
				7941C0B88E41BD1ABBE19D25 /* Inference */,
				3DCED7AAB2C5C7FFD0939909 /* ModelLibrary */,
				76E87F2130BBBB905F158BA2 /* Persistence */,
			);
			path = Sources;
			sourceTree = "<group>";
		};
		4429FBD66020E510279C32C7 /* Config */ = {
			isa = PBXGroup;
			children = (
				4565078E0DBE173835DEB134 /* Base.xcconfig */,
			);
			path = Config;
			sourceTree = "<group>";
		};
		4C49E64A053FDBE798D5740B /* Tests */ = {
			isa = PBXGroup;
			children = (
				935208CF02581A0AC42CFC41 /* AgentLoopProtocolTests.swift */,
				D2A627188F789010FCE43EB8 /* AgentLoopTests.swift */,
				9A50A852C61912BB4AB1097F /* ArchiveMetadataValidatorTests.swift */,
				E4E3FB0DD7EA8B00AC460394 /* AtomicJSONStoreTests.swift */,
				F94951512FC7DFC224F0BE48 /* BackgroundTransferCompletionRegistryTests.swift */,
				B0410EA01F4A4238343A9374 /* BackgroundTransferLedgerTests.swift */,
				3EA39828481B42E66BC5B98A /* BackgroundTransferPromoterTests.swift */,
				2C8990C9A529F5D5F8320B31 /* BackgroundTransferRestorationTests.swift */,
				F8F1710CFCAF622A3721CD0D /* CalculatorParserTests.swift */,
				5539D848198FD09C71A93836 /* ChatSessionConcurrencyTests.swift */,
				1DB687A6229173AAC88D4531 /* ChatSessionTests.swift */,
				8BB60E5AEDDBBBDF208E6900 /* ContextTrimmerTests.swift */,
				B1856A605399076F643EF79D /* ConversationStoreTests.swift */,
				5B22E9B7C916E74BE90126ED /* DeviceQualifierTests.swift */,
				D8B977331F76B0EC839002D8 /* DiagnosticsTests.swift */,
				8C93D2F771D42F593A736FAB /* DomainContractTests.swift */,
				EE1941D7998FF20C29537779 /* InferenceMappingTests.swift */,
				62856642DEAA4A0979D915F6 /* MLXGenerationOrderingTests.swift */,
				1B048FB3FF861E2BB6E7D2AE /* MLXInferenceLifecycleTests.swift */,
				1D67F10949D64049D3272FCD /* ModelArchiveImporterHostMetadataTests.swift */,
				664036C4891B230797661F95 /* ModelArchiveImporterTests.swift */,
				8C8C74B046A52235C41D0614 /* ModelLibraryDeleteTests.swift */,
				33C44325F2B36B9680594A62 /* ModelLibraryTests.swift */,
				E503A0EDD77ED1ECF44BBE9B /* ModelTransportPolicyTests.swift */,
				D485E849AE4F2D927616F89A /* NotesToolTests.swift */,
				0761FE947B57152210BEC438 /* OfflineToolTests.swift */,
				2D482C19BC03C0476CE07D50 /* QuietGardenRenderingTests.swift */,
				24E2ADB63028B91ED42CAA69 /* QuietGardenViewModelTests.swift */,
				65BE39AC0229CEE3C2C20AC6 /* ReasoningRouterTests.swift */,
				774CF30BE40AAE8E99351F76 /* ResourceRecoveryTests.swift */,
				7B9E498AAB7E2658737AAD97 /* RuntimeProbeTests.swift */,
				A56D7B37B900689E205245A5 /* SHA256VerifierTests.swift */,
				213E3C6095AA9D82261353B2 /* SuspendingModelTransport.swift */,
			);
			path = Tests;
			sourceTree = "<group>";
		};
		4FCC3AFEC5A5BAB056075248 /* Products */ = {
			isa = PBXGroup;
			children = (
				952A2D74B43F98B0EE43E369 /* BonsaiMobile.app */,
				C0668D4C090309F3550836AE /* BonsaiMobileIntegrationTests.xctest */,
				4AD4599B0C75322E14F23F65 /* BonsaiMobileTests.xctest */,
				5611C793C730ECD6BA228BCE /* BonsaiMobileUITests.xctest */,
			);
			name = Products;
			sourceTree = "<group>";
		};
		6A385A9191D1B5984184C7AF = {
			isa = PBXGroup;
			children = (
				4429FBD66020E510279C32C7 /* Config */,
				B4C987CC9DE4041DE14AC5BE /* IntegrationTests */,
				94BE9B0F8A0B13264BB48114 /* Packages */,
				F52D527F4CE2830191F38297 /* Resources */,
				41C28FE3387C617F53E544CF /* Sources */,
				4C49E64A053FDBE798D5740B /* Tests */,
				739962C99D54B4F015DBCE86 /* UITests */,
				4FCC3AFEC5A5BAB056075248 /* Products */,
			);
			sourceTree = "<group>";
		};
		6DAEF57EE2B1CE3A3E8C768A /* Activity */ = {
			isa = PBXGroup;
			children = (
				F4C39835F872588B4CFEB261 /* AgentActivityView.swift */,
			);
			path = Activity;
			sourceTree = "<group>";
		};
		6E1400D4D463D667CF24B4A8 /* Domain */ = {
			isa = PBXGroup;
			children = (
				84604A68F735EF3D161BC049 /* Conversation.swift */,
				FBBA6F970B4898D435D262A3 /* DeviceQualification.swift */,
				502550153658C57F05999C3B /* Diagnostics.swift */,
				E3FD4FB8F474A92B165014EC /* GenerationEvent.swift */,
				843AAD749652A7FEB690E7CD /* ModelDescriptor.swift */,
				B712483BA9C8DF8116DC1D4D /* ToolContracts.swift */,
			);
			path = Domain;
			sourceTree = "<group>";
		};
		739962C99D54B4F015DBCE86 /* UITests */ = {
			isa = PBXGroup;
			children = (
				FB6844A1C9F2CD1F44BB7CEB /* .gitkeep */,
				D535E116AC0B51308C08C857 /* CoreFlowUITests.swift */,
			);
			path = UITests;
			sourceTree = "<group>";
		};
		752EB82C72118596E638530A /* DesignSystem */ = {
			isa = PBXGroup;
			children = (
				A605AA812EBBE595E13E3B3F /* QuietGardenTheme.swift */,
			);
			path = DesignSystem;
			sourceTree = "<group>";
		};
		76E87F2130BBBB905F158BA2 /* Persistence */ = {
			isa = PBXGroup;
			children = (
				509DCF410C475AB1D64EAEAC /* AtomicJSONStore.swift */,
				66EE46124D28DB7A53A91EB0 /* ConversationStore.swift */,
				F308BBE7017D9DCE7A22C516 /* DiagnosticsStore.swift */,
				71D2725420539447C7CE7BD5 /* NotesStore.swift */,
			);
			path = Persistence;
			sourceTree = "<group>";
		};
		7941C0B88E41BD1ABBE19D25 /* Inference */ = {
			isa = PBXGroup;
			children = (
				D68DF4452DDE0A73225C13C6 /* ChatSession.swift */,
				FBFEF9BB93A7EB2B1C9ED744 /* ContextTrimmer.swift */,
				1DC460FE46506A12403B3E91 /* InferenceEngine.swift */,
				BB4E76C388E340BEAC8B6031 /* MLXGenerationMapper.swift */,
				96788F4B0A9094EAF9120986 /* MLXInferenceEngine.swift */,
				384787FBE7D7E3EB67779536 /* MLXRuntime.swift */,
				461F66A0869E5B61EAD4195D /* ReasoningRouter.swift */,
				E2CD42F0E3633879D4BD3E82 /* ResourceMonitor.swift */,
				EE7E78660BF6A2E0B953F04E /* RuntimeProbe.swift */,
			);
			path = Inference;
			sourceTree = "<group>";
		};
		7F057C24C81E2FFFC28B8E6C /* ModelLibrary */ = {
			isa = PBXGroup;
			children = (
				F02A06B6F5DB18067D78ED5B /* ModelLibraryView.swift */,
				80CD60535559E606DBF0F046 /* ModelLibraryViewModel.swift */,
			);
			path = ModelLibrary;
			sourceTree = "<group>";
		};
		94BE9B0F8A0B13264BB48114 /* Packages */ = {
			isa = PBXGroup;
			children = (
				7710E5D0CB4F246613D1A989 /* mlx-swift-lm */,
			);
			name = Packages;
			sourceTree = "<group>";
		};
		95EF8E8216046EAE19058DB4 /* App */ = {
			isa = PBXGroup;
			children = (
				F0BACEDE0B1749D71819FC44 /* BonsaiAppDelegate.swift */,
				DB8F93A9408A4EE6F88333F3 /* BonsaiMobileApp.swift */,
				576BFA32B74FAFA0D73954D0 /* LiveAppServices.swift */,
				D4D83E650458ED94113669B2 /* RootView.swift */,
			);
			path = App;
			sourceTree = "<group>";
		};
		AE6A8D767311D2E6568B84F1 /* Agent */ = {
			isa = PBXGroup;
			children = (
				12382051F1987012BC76ACDA /* AgentLoop.swift */,
				6937CDF49B8D569B64415F16 /* CalculatorParser.swift */,
				ECA8FBB444CFB15C41C42677 /* DateTool.swift */,
				04C926C06C3B71D072BD7061 /* DeviceInfoTool.swift */,
				33B170B2A8A28CE57D35CE69 /* NotesTool.swift */,
				0D1CC344657419A291AC27F2 /* OfflineTool.swift */,
				BB08CBD553F8AA7F7AC1EFA4 /* ToolRegistry.swift */,
			);
			path = Agent;
			sourceTree = "<group>";
		};
		B4C987CC9DE4041DE14AC5BE /* IntegrationTests */ = {
			isa = PBXGroup;
			children = (
				07F78A25A3DEF229FBB2ECE9 /* MLXInferenceIntegrationTests.swift */,
				DA0B0FA5469961883A56F212 /* ModelDownloadIntegrationTests.swift */,
				4716D451896187CAE2B44A74 /* RuntimeProbeIntegrationTests.swift */,
			);
			path = IntegrationTests;
			sourceTree = "<group>";
		};
		C8ACD0F3C5A5E05397DDDCC0 /* Features */ = {
			isa = PBXGroup;
			children = (
				6DAEF57EE2B1CE3A3E8C768A /* Activity */,
				D72365D2905B2B4E4F265D9F /* Chat */,
				752EB82C72118596E638530A /* DesignSystem */,
				7F057C24C81E2FFFC28B8E6C /* ModelLibrary */,
			);
			path = Features;
			sourceTree = "<group>";
		};
		D72365D2905B2B4E4F265D9F /* Chat */ = {
			isa = PBXGroup;
			children = (
				D9256304A6FC9A4B006FB181 /* ChatView.swift */,
				E68C4C36C6F9AB2055985F50 /* ChatViewModel.swift */,
				A71666051AED75A82AF4031A /* ComposerView.swift */,
				E26303C6DAE2A41B08BE2ED6 /* ReasoningDisclosure.swift */,
			);
			path = Chat;
			sourceTree = "<group>";
		};
		F52D527F4CE2830191F38297 /* Resources */ = {
			isa = PBXGroup;
			children = (
				B7E24895C180A2118B61CC6F /* .gitkeep */,
				FDBB56D6027B5F2E1A080C11 /* Models */,
			);
			path = Resources;
			sourceTree = "<group>";
		};
		FDBB56D6027B5F2E1A080C11 /* Models */ = {
			isa = PBXGroup;
			children = (
				3EE12FEE6B1549544599B272 /* manifest.json */,
			);
			path = Models;
			sourceTree = "<group>";
		};
/* End PBXGroup section */

/* Begin PBXNativeTarget section */
		0CE7CF01ADEAE425F2B063F7 /* BonsaiMobileUITests */ = {
			isa = PBXNativeTarget;
			buildConfigurationList = 129A9C67E80316BE4E169954 /* Build configuration list for PBXNativeTarget "BonsaiMobileUITests" */;
			buildPhases = (
				857E3DA9FDF11185816523BE /* Sources */,
			);
			buildRules = (
			);
			dependencies = (
				D7DA4C641439CB6315A62A3E /* PBXTargetDependency */,
			);
			name = BonsaiMobileUITests;
			packageProductDependencies = (
			);
			productName = BonsaiMobileUITests;
			productReference = 5611C793C730ECD6BA228BCE /* BonsaiMobileUITests.xctest */;
			productType = "com.apple.product-type.bundle.ui-testing";
		};
		4F1A4BC7D2BBD00131D935B9 /* BonsaiMobile */ = {
			isa = PBXNativeTarget;
			buildConfigurationList = 21A5B4E0FF2FA659C1BF4553 /* Build configuration list for PBXNativeTarget "BonsaiMobile" */;
			buildPhases = (
				34DC6021DDD457AAAA2CA84E /* Sources */,
				E1B39898524E327D3C41DF14 /* Resources */,
				4B91EAB9287D3F25CAB207EE /* Frameworks */,
			);
			buildRules = (
			);
			dependencies = (
			);
			name = BonsaiMobile;
			packageProductDependencies = (
				9943147F24F82A85972D6C9B /* MLXLLM */,
				6A095E1F640A9C82BA09731D /* MLXVLM */,
				CE0D83BFD83F3BD1FAB0B05D /* MLXLMCommon */,
				95D56B5E7F56FB8C5CCAA9FD /* MLXHuggingFace */,
				82A832B08BE4D6E49F59F560 /* Tokenizers */,
				056342B4C449BC4FB620893A /* ZIPFoundation */,
			);
			productName = BonsaiMobile;
			productReference = 952A2D74B43F98B0EE43E369 /* BonsaiMobile.app */;
			productType = "com.apple.product-type.application";
		};
		B49464B9409A30717FC1837F /* BonsaiMobileIntegrationTests */ = {
			isa = PBXNativeTarget;
			buildConfigurationList = 8F9A5F5A09074DB79F02E922 /* Build configuration list for PBXNativeTarget "BonsaiMobileIntegrationTests" */;
			buildPhases = (
				67E206BC03A107441D37FBCC /* Sources */,
			);
			buildRules = (
			);
			dependencies = (
				A177790A811E4925A5313A2D /* PBXTargetDependency */,
			);
			name = BonsaiMobileIntegrationTests;
			packageProductDependencies = (
			);
			productName = BonsaiMobileIntegrationTests;
			productReference = C0668D4C090309F3550836AE /* BonsaiMobileIntegrationTests.xctest */;
			productType = "com.apple.product-type.bundle.unit-test";
		};
		C6087041C6667BD4EE47949F /* BonsaiMobileTests */ = {
			isa = PBXNativeTarget;
			buildConfigurationList = A1A0DE6E32E5EA09DF29F081 /* Build configuration list for PBXNativeTarget "BonsaiMobileTests" */;
			buildPhases = (
				7E70917BA3BAE23D5CC98016 /* Sources */,
				92111FAF200C3DFAB06C0095 /* Frameworks */,
			);
			buildRules = (
			);
			dependencies = (
				DB7F455E334CA586852EBBC9 /* PBXTargetDependency */,
			);
			name = BonsaiMobileTests;
			packageProductDependencies = (
				754CA324E2CD030AD1ADD3C8 /* ZIPFoundation */,
			);
			productName = BonsaiMobileTests;
			productReference = 4AD4599B0C75322E14F23F65 /* BonsaiMobileTests.xctest */;
			productType = "com.apple.product-type.bundle.unit-test";
		};
/* End PBXNativeTarget section */

/* Begin PBXProject section */
		16AD27B2C706E59641499B96 /* Project object */ = {
			isa = PBXProject;
			attributes = {
				BuildIndependentTargetsInParallel = YES;
				LastUpgradeCheck = 1430;
				TargetAttributes = {
					0CE7CF01ADEAE425F2B063F7 = {
						TestTargetID = 4F1A4BC7D2BBD00131D935B9;
					};
				};
			};
			buildConfigurationList = 5EFFAFD3301739DCC714E2FC /* Build configuration list for PBXProject "BonsaiMobile" */;
			developmentRegion = en;
			hasScannedForEncodings = 0;
			knownRegions = (
				Base,
				en,
			);
			mainGroup = 6A385A9191D1B5984184C7AF;
			minimizedProjectReferenceProxies = 1;
			packageReferences = (
				16BCE6087BD425DEAA538900 /* XCRemoteSwiftPackageReference "swift-transformers" */,
				055E0FEE91B103145BD754DF /* XCRemoteSwiftPackageReference "ZIPFoundation" */,
				9CBD89527ED3FF1316DC3648 /* XCLocalSwiftPackageReference ".build-dependencies/mlx-swift-lm" */,
			);
			preferredProjectObjectVersion = 77;
			productRefGroup = 4FCC3AFEC5A5BAB056075248 /* Products */;
			projectDirPath = "";
			projectRoot = "";
			targets = (
				4F1A4BC7D2BBD00131D935B9 /* BonsaiMobile */,
				B49464B9409A30717FC1837F /* BonsaiMobileIntegrationTests */,
				C6087041C6667BD4EE47949F /* BonsaiMobileTests */,
				0CE7CF01ADEAE425F2B063F7 /* BonsaiMobileUITests */,
			);
		};
/* End PBXProject section */

/* Begin PBXResourcesBuildPhase section */
		E1B39898524E327D3C41DF14 /* Resources */ = {
			isa = PBXResourcesBuildPhase;
			buildActionMask = 2147483647;
			files = (
				E1A54858A3DE70F958CB2E5A /* .gitkeep in Resources */,
				90A55DA27F8DF61688C9393B /* manifest.json in Resources */,
			);
			runOnlyForDeploymentPostprocessing = 0;
		};
/* End PBXResourcesBuildPhase section */

/* Begin PBXSourcesBuildPhase section */
		34DC6021DDD457AAAA2CA84E /* Sources */ = {
			isa = PBXSourcesBuildPhase;
			buildActionMask = 2147483647;
			files = (
				8D81F9FD101A2768EA229906 /* AgentActivityView.swift in Sources */,
				A8BCA6AA9E2ABD2C6B0EFA24 /* AgentLoop.swift in Sources */,
				05D9F1842D97C25A72203770 /* ArchiveMetadataValidator.swift in Sources */,
				A75FC700E172EE9DDA8C4562 /* AtomicJSONStore.swift in Sources */,
				4447FE1914BEA93B4C77FBD6 /* BackgroundModelDownloadCoordinator.swift in Sources */,
				B70F9060A3D924488F6DA231 /* BackgroundTransferBodyStore.swift in Sources */,
				3CA57FC6807E0DBDE557BAD0 /* BackgroundTransferCompletionRegistry.swift in Sources */,
				1203008D444C0C6180D00A21 /* BackgroundTransferLedger.swift in Sources */,
				2822D9FC4EC3FF2D5BF5E2E9 /* BackgroundTransferLedgerStorage.swift in Sources */,
				F5DC52FA5237E02164DA2221 /* BackgroundTransferPromoter.swift in Sources */,
				3D320AA97FEF29AE7A3A9B82 /* BonsaiAppDelegate.swift in Sources */,
				19EB0F0D12622A2ED3FFE1A7 /* BonsaiMobileApp.swift in Sources */,
				A6C7FC2E996D5323766F873E /* CalculatorParser.swift in Sources */,
				29B1EBBE2078B7E4935C406B /* ChatSession.swift in Sources */,
				05D6EF630AA910B7E3E8D6AC /* ChatView.swift in Sources */,
				94592C1C19F5E89001260432 /* ChatViewModel.swift in Sources */,
				992CAC849A53DFA6A65B5B14 /* ComposerView.swift in Sources */,
				46B673D0D133D3D4A8D90230 /* ContextTrimmer.swift in Sources */,
				F55485129B5112B1ABF9EF67 /* Conversation.swift in Sources */,
				C84ECD6F2C4F2B370FF32590 /* ConversationStore.swift in Sources */,
				E45C9D1D8E46E89C61DBD5A4 /* DateTool.swift in Sources */,
				9FFFBFE48F0753782B715D62 /* DeviceInfoTool.swift in Sources */,
				B48F8998EBF60B95A86BEE4B /* DeviceQualification.swift in Sources */,
				4A2BEC05B9826BA84E7B7872 /* DeviceQualifier.swift in Sources */,
				1742FBE9C8840E897AFED9AD /* Diagnostics.swift in Sources */,
				666511AC121BB4F3EAA216A9 /* DiagnosticsStore.swift in Sources */,
				669B3CED8DEA3B501B907829 /* GenerationEvent.swift in Sources */,
				1662C04FB9DC3A9E6A5D8725 /* InferenceEngine.swift in Sources */,
				3EEA6595C5A86B96FE87C3FE /* LiveAppServices.swift in Sources */,
				FBDFB5872AE378D14DFD8BD7 /* MLXGenerationMapper.swift in Sources */,
				57D8A74B0207CB692D2F47E1 /* MLXInferenceEngine.swift in Sources */,
				4530875FD15A7BF8ABF78A95 /* MLXRuntime.swift in Sources */,
				AE77A7DF0C8FAAA14DBE3F6E /* ModelDescriptor.swift in Sources */,
				70EA7C9605F2D83D663A98C4 /* ModelDownloadSessionHolder.swift in Sources */,
				97132FE92A5B99FC6A9C5685 /* ModelFileTransport.swift in Sources */,
				64CE881F4F190434771C5F1A /* ModelImporter.swift in Sources */,
				F254AF5051FB0E33AF5F7672 /* ModelLibrary.swift in Sources */,
				F39ADD489DDC2FC5B1D31A95 /* ModelLibraryTypes.swift in Sources */,
				EFB0516CC338E2BF0DDBFF3F /* ModelLibraryView.swift in Sources */,
				29058825FE4EA4E95534C101 /* ModelLibraryViewModel.swift in Sources */,
				E5B0983F6B1345DD64A3A4A7 /* NotesStore.swift in Sources */,
				83571042889BEFB27AC3E766 /* NotesTool.swift in Sources */,
				6AF72EEB6A16B6DDA075287C /* OfflineTool.swift in Sources */,
				A25657A0C1DF250348B6C06E /* QuietGardenTheme.swift in Sources */,
				289E6CC925688296DB109E96 /* ReasoningDisclosure.swift in Sources */,
				2330FF738E5C5129A2F04C60 /* ReasoningRouter.swift in Sources */,
				43C06C1B9AFD6BF58B5BFDFC /* ResourceMonitor.swift in Sources */,
				C05B63CC512F7956EBBBEAB0 /* RootView.swift in Sources */,
				447E3736BCD9D6F872D82AE7 /* RuntimeProbe.swift in Sources */,
				E1A6F293DFFD0C24D055FA0E /* SHA256Verifier.swift in Sources */,
				943838EEA36C1C1D8D0C4CAE /* ToolContracts.swift in Sources */,
				DA30BEF12D61F08525F802F7 /* ToolRegistry.swift in Sources */,
				A51DC54EE357885E5DDB5D76 /* URLSessionModelFileTransport.swift in Sources */,
			);
			runOnlyForDeploymentPostprocessing = 0;
		};
		67E206BC03A107441D37FBCC /* Sources */ = {
			isa = PBXSourcesBuildPhase;
			buildActionMask = 2147483647;
			files = (
				7758A0E1B08677C85A3C0471 /* MLXInferenceIntegrationTests.swift in Sources */,
				837067C54429073A55FAF0E3 /* ModelDownloadIntegrationTests.swift in Sources */,
				D4345CB4BFA46B46F6B53CA0 /* RuntimeProbeIntegrationTests.swift in Sources */,
			);
			runOnlyForDeploymentPostprocessing = 0;
		};
		7E70917BA3BAE23D5CC98016 /* Sources */ = {
			isa = PBXSourcesBuildPhase;
			buildActionMask = 2147483647;
			files = (
				25494F7DB1C3967B9A108C16 /* AgentLoopProtocolTests.swift in Sources */,
				5D24CB5ADBA69748B1B05528 /* AgentLoopTests.swift in Sources */,
				569EFDB122F314FEEB7870E3 /* ArchiveMetadataValidatorTests.swift in Sources */,
				3D15C243E96A5D1B529A81DD /* AtomicJSONStoreTests.swift in Sources */,
				426A3A95E710DE00DD6CF574 /* BackgroundTransferCompletionRegistryTests.swift in Sources */,
				8018DA8DD46F0FBF1C92298F /* BackgroundTransferLedgerTests.swift in Sources */,
				7659611438EEE5EFBABDEE72 /* BackgroundTransferPromoterTests.swift in Sources */,
				A96E3680D4113BDA67852F0A /* BackgroundTransferRestorationTests.swift in Sources */,
				9D71CB1079F07B18F6996623 /* CalculatorParserTests.swift in Sources */,
				D73F0C917C2EB89A68637BB9 /* ChatSessionConcurrencyTests.swift in Sources */,
				9D2F344B016BE93665FAC192 /* ChatSessionTests.swift in Sources */,
				F760B7C6F59E0393656487A9 /* ContextTrimmerTests.swift in Sources */,
				A99E31F53935FE5911D4299E /* ConversationStoreTests.swift in Sources */,
				55A32617030A0372712E2E1A /* DeviceQualifierTests.swift in Sources */,
				C8FFA0CCBA35DB8C52596398 /* DiagnosticsTests.swift in Sources */,
				4417713B8641E69530BC3574 /* DomainContractTests.swift in Sources */,
				3BCA82A98104EBF091E06AFB /* InferenceMappingTests.swift in Sources */,
				B4CA02E67805BABF37A70DC3 /* MLXGenerationOrderingTests.swift in Sources */,
				53CD639B818EAC6AA08240AC /* MLXInferenceLifecycleTests.swift in Sources */,
				748051C92D6922AEAFEC8907 /* ModelArchiveImporterHostMetadataTests.swift in Sources */,
				234F0A83349E0E5B3FD021B8 /* ModelArchiveImporterTests.swift in Sources */,
				F0C1C7D667B41546CA6127DB /* ModelLibraryDeleteTests.swift in Sources */,
				0D7DCCA091AA2F291B974727 /* ModelLibraryTests.swift in Sources */,
				DB7731B35E68B0D43ADB0AC7 /* ModelTransportPolicyTests.swift in Sources */,
				895C02F6C86D4092F3BEFB48 /* NotesToolTests.swift in Sources */,
				18BBDDE2302135A121650E0D /* OfflineToolTests.swift in Sources */,
				F2074A777180F693994796FE /* QuietGardenRenderingTests.swift in Sources */,
				86CDBE5F469E3172C6FE7DBA /* QuietGardenViewModelTests.swift in Sources */,
				5E953959CE5B25FE77648C87 /* ReasoningRouterTests.swift in Sources */,
				91DBDE622CC08EBC454136EC /* ResourceRecoveryTests.swift in Sources */,
				05BCFDDCC63422F50B0DEFF3 /* RuntimeProbeTests.swift in Sources */,
				68EF40D1BBF3FD1FFA1EA41C /* SHA256VerifierTests.swift in Sources */,
				13EA18C4C526EA96208AF5EC /* SuspendingModelTransport.swift in Sources */,
			);
			runOnlyForDeploymentPostprocessing = 0;
		};
		857E3DA9FDF11185816523BE /* Sources */ = {
			isa = PBXSourcesBuildPhase;
			buildActionMask = 2147483647;
			files = (
				3C10AFCAAF355959EEBB31B8 /* CoreFlowUITests.swift in Sources */,
			);
			runOnlyForDeploymentPostprocessing = 0;
		};
/* End PBXSourcesBuildPhase section */

/* Begin PBXTargetDependency section */
		A177790A811E4925A5313A2D /* PBXTargetDependency */ = {
			isa = PBXTargetDependency;
			target = 4F1A4BC7D2BBD00131D935B9 /* BonsaiMobile */;
			targetProxy = 093216AD2BDC314277C02580 /* PBXContainerItemProxy */;
		};
		D7DA4C641439CB6315A62A3E /* PBXTargetDependency */ = {
			isa = PBXTargetDependency;
			target = 4F1A4BC7D2BBD00131D935B9 /* BonsaiMobile */;
			targetProxy = 454FF90456F4A77CC3CCBC6B /* PBXContainerItemProxy */;
		};
		DB7F455E334CA586852EBBC9 /* PBXTargetDependency */ = {
			isa = PBXTargetDependency;
			target = 4F1A4BC7D2BBD00131D935B9 /* BonsaiMobile */;
			targetProxy = F9F62BABC143A842D0526E6D /* PBXContainerItemProxy */;
		};
/* End PBXTargetDependency section */

/* Begin XCBuildConfiguration section */
		0E498325A93CB266E991793F /* Release */ = {
			isa = XCBuildConfiguration;
			buildSettings = {
				ALWAYS_SEARCH_USER_PATHS = NO;
				CLANG_ANALYZER_NONNULL = YES;
				CLANG_ANALYZER_NUMBER_OBJECT_CONVERSION = YES_AGGRESSIVE;
				CLANG_CXX_LANGUAGE_STANDARD = "gnu++14";
				CLANG_CXX_LIBRARY = "libc++";
				CLANG_ENABLE_MODULES = YES;
				CLANG_ENABLE_OBJC_ARC = YES;
				CLANG_ENABLE_OBJC_WEAK = YES;
				CLANG_WARN_BLOCK_CAPTURE_AUTORELEASING = YES;
				CLANG_WARN_BOOL_CONVERSION = YES;
				CLANG_WARN_COMMA = YES;
				CLANG_WARN_CONSTANT_CONVERSION = YES;
				CLANG_WARN_DEPRECATED_OBJC_IMPLEMENTATIONS = YES;
				CLANG_WARN_DIRECT_OBJC_ISA_USAGE = YES_ERROR;
				CLANG_WARN_DOCUMENTATION_COMMENTS = YES;
				CLANG_WARN_EMPTY_BODY = YES;
				CLANG_WARN_ENUM_CONVERSION = YES;
				CLANG_WARN_INFINITE_RECURSION = YES;
				CLANG_WARN_INT_CONVERSION = YES;
				CLANG_WARN_NON_LITERAL_NULL_CONVERSION = YES;
				CLANG_WARN_OBJC_IMPLICIT_RETAIN_SELF = YES;
				CLANG_WARN_OBJC_LITERAL_CONVERSION = YES;
				CLANG_WARN_OBJC_ROOT_CLASS = YES_ERROR;
				CLANG_WARN_QUOTED_INCLUDE_IN_FRAMEWORK_HEADER = YES;
				CLANG_WARN_RANGE_LOOP_ANALYSIS = YES;
				CLANG_WARN_STRICT_PROTOTYPES = YES;
				CLANG_WARN_SUSPICIOUS_MOVE = YES;
				CLANG_WARN_UNGUARDED_AVAILABILITY = YES_AGGRESSIVE;
				CLANG_WARN_UNREACHABLE_CODE = YES;
				CLANG_WARN__DUPLICATE_METHOD_MATCH = YES;
				COPY_PHASE_STRIP = NO;
				DEBUG_INFORMATION_FORMAT = "dwarf-with-dsym";
				ENABLE_NS_ASSERTIONS = NO;
				ENABLE_STRICT_OBJC_MSGSEND = YES;
				GCC_C_LANGUAGE_STANDARD = gnu11;
				GCC_NO_COMMON_BLOCKS = YES;
				GCC_TREAT_WARNINGS_AS_ERRORS = YES;
				GCC_WARN_64_TO_32_BIT_CONVERSION = YES;
				GCC_WARN_ABOUT_RETURN_TYPE = YES_ERROR;
				GCC_WARN_UNDECLARED_SELECTOR = YES;
				GCC_WARN_UNINITIALIZED_AUTOS = YES_AGGRESSIVE;
				GCC_WARN_UNUSED_FUNCTION = YES;
				GCC_WARN_UNUSED_VARIABLE = YES;
				IPHONEOS_DEPLOYMENT_TARGET = 17.0;
				MACOSX_DEPLOYMENT_TARGET = 14.0;
				MTL_ENABLE_DEBUG_INFO = NO;
				MTL_FAST_MATH = YES;
				PRODUCT_NAME = "$(TARGET_NAME)";
				SDKROOT = auto;
				SWIFT_COMPILATION_MODE = wholemodule;
				SWIFT_OPTIMIZATION_LEVEL = "-O";
				SWIFT_STRICT_CONCURRENCY = complete;
				SWIFT_TREAT_WARNINGS_AS_ERRORS = YES;
				SWIFT_VERSION = 6.0;
			};
			name = Release;
		};
		3557B3111C93998F3157D44F /* Release */ = {
			isa = XCBuildConfiguration;
			buildSettings = {
				BUNDLE_LOADER = "$(TEST_HOST)";
				"BUNDLE_LOADER[sdk=macosx*]" = "$(TEST_HOST)";
				GENERATE_INFOPLIST_FILE = YES;
				LD_RUNPATH_SEARCH_PATHS = (
					"$(inherited)",
					"@executable_path/Frameworks",
					"@loader_path/Frameworks",
				);
				PRODUCT_BUNDLE_IDENTIFIER = com.prismml.BonsaiMobileTests;
				SDKROOT = auto;
				SUPPORTED_PLATFORMS = "iphoneos iphonesimulator macosx";
				SUPPORTS_MACCATALYST = NO;
				SUPPORTS_MAC_DESIGNED_FOR_IPHONE_IPAD = NO;
				SUPPORTS_XR_DESIGNED_FOR_IPHONE_IPAD = YES;
				TARGETED_DEVICE_FAMILY = "1,2";
				TEST_HOST = "$(BUILT_PRODUCTS_DIR)/BonsaiMobile.app/BonsaiMobile";
				"TEST_HOST[sdk=macosx*]" = "$(BUILT_PRODUCTS_DIR)/BonsaiMobile.app/Contents/MacOS/BonsaiMobile";
			};
			name = Release;
		};
		4A53FEEEF6F33DA206424A6A /* Release */ = {
			isa = XCBuildConfiguration;
			buildSettings = {
				BUNDLE_LOADER = "$(TEST_HOST)";
				"BUNDLE_LOADER[sdk=macosx*]" = "$(TEST_HOST)";
				GENERATE_INFOPLIST_FILE = YES;
				LD_RUNPATH_SEARCH_PATHS = (
					"$(inherited)",
					"@executable_path/Frameworks",
					"@loader_path/Frameworks",
				);
				PRODUCT_BUNDLE_IDENTIFIER = com.prismml.BonsaiMobileIntegrationTests;
				SDKROOT = auto;
				SUPPORTED_PLATFORMS = "iphoneos iphonesimulator macosx";
				SUPPORTS_MACCATALYST = NO;
				SUPPORTS_MAC_DESIGNED_FOR_IPHONE_IPAD = NO;
				SUPPORTS_XR_DESIGNED_FOR_IPHONE_IPAD = YES;
				TARGETED_DEVICE_FAMILY = "1,2";
				TEST_HOST = "$(BUILT_PRODUCTS_DIR)/BonsaiMobile.app/BonsaiMobile";
				"TEST_HOST[sdk=macosx*]" = "$(BUILT_PRODUCTS_DIR)/BonsaiMobile.app/Contents/MacOS/BonsaiMobile";
			};
			name = Release;
		};
		5CAB5D789C735F4BAEA953F3 /* Release */ = {
			isa = XCBuildConfiguration;
			buildSettings = {
				BUNDLE_LOADER = "$(TEST_HOST)";
				GENERATE_INFOPLIST_FILE = YES;
				LD_RUNPATH_SEARCH_PATHS = (
					"$(inherited)",
					"@executable_path/Frameworks",
					"@loader_path/Frameworks",
				);
				PRODUCT_BUNDLE_IDENTIFIER = com.prismml.BonsaiMobileUITests;
				SDKROOT = auto;
				SUPPORTED_PLATFORMS = "iphoneos iphonesimulator macosx";
				SUPPORTS_MACCATALYST = NO;
				SUPPORTS_MAC_DESIGNED_FOR_IPHONE_IPAD = NO;
				SUPPORTS_XR_DESIGNED_FOR_IPHONE_IPAD = YES;
				TARGETED_DEVICE_FAMILY = "1,2";
				TEST_TARGET_NAME = BonsaiMobile;
			};
			name = Release;
		};
		69F50536276DCBADB66A61E9 /* Release */ = {
			isa = XCBuildConfiguration;
			baseConfigurationReference = 4565078E0DBE173835DEB134 /* Base.xcconfig */;
			buildSettings = {
				ASSETCATALOG_COMPILER_APPICON_NAME = AppIcon;
				CODE_SIGN_IDENTITY = "iPhone Developer";
				GENERATE_INFOPLIST_FILE = YES;
				INFOPLIST_KEY_CFBundleDisplayName = Bonsai;
				INFOPLIST_KEY_NSCameraUsageDescription = "Add a photo to a private on-device conversation.";
				INFOPLIST_KEY_NSPhotoLibraryUsageDescription = "Add a photo to a private on-device conversation.";
				LD_RUNPATH_SEARCH_PATHS = (
					"$(inherited)",
					"@executable_path/Frameworks",
				);
				PRODUCT_BUNDLE_IDENTIFIER = com.prismml.BonsaiMobile;
				SDKROOT = auto;
				SUPPORTED_PLATFORMS = "iphoneos iphonesimulator macosx";
				SUPPORTS_MACCATALYST = NO;
				SUPPORTS_MAC_DESIGNED_FOR_IPHONE_IPAD = NO;
				SUPPORTS_XR_DESIGNED_FOR_IPHONE_IPAD = YES;
				TARGETED_DEVICE_FAMILY = "1,2";
			};
			name = Release;
		};
		75910A28CBAF4380FEB09EF0 /* Debug */ = {
			isa = XCBuildConfiguration;
			buildSettings = {
				BUNDLE_LOADER = "$(TEST_HOST)";
				"BUNDLE_LOADER[sdk=macosx*]" = "$(TEST_HOST)";
				GENERATE_INFOPLIST_FILE = YES;
				LD_RUNPATH_SEARCH_PATHS = (
					"$(inherited)",
					"@executable_path/Frameworks",
					"@loader_path/Frameworks",
				);
				PRODUCT_BUNDLE_IDENTIFIER = com.prismml.BonsaiMobileTests;
				SDKROOT = auto;
				SUPPORTED_PLATFORMS = "iphoneos iphonesimulator macosx";
				SUPPORTS_MACCATALYST = NO;
				SUPPORTS_MAC_DESIGNED_FOR_IPHONE_IPAD = NO;
				SUPPORTS_XR_DESIGNED_FOR_IPHONE_IPAD = YES;
				TARGETED_DEVICE_FAMILY = "1,2";
				TEST_HOST = "$(BUILT_PRODUCTS_DIR)/BonsaiMobile.app/BonsaiMobile";
				"TEST_HOST[sdk=macosx*]" = "$(BUILT_PRODUCTS_DIR)/BonsaiMobile.app/Contents/MacOS/BonsaiMobile";
			};
			name = Debug;
		};
		93211699B1009693C8280BD1 /* Debug */ = {
			isa = XCBuildConfiguration;
			buildSettings = {
				BUNDLE_LOADER = "$(TEST_HOST)";
				GENERATE_INFOPLIST_FILE = YES;
				LD_RUNPATH_SEARCH_PATHS = (
					"$(inherited)",
					"@executable_path/Frameworks",
					"@loader_path/Frameworks",
				);
				PRODUCT_BUNDLE_IDENTIFIER = com.prismml.BonsaiMobileUITests;
				SDKROOT = auto;
				SUPPORTED_PLATFORMS = "iphoneos iphonesimulator macosx";
				SUPPORTS_MACCATALYST = NO;
				SUPPORTS_MAC_DESIGNED_FOR_IPHONE_IPAD = NO;
				SUPPORTS_XR_DESIGNED_FOR_IPHONE_IPAD = YES;
				TARGETED_DEVICE_FAMILY = "1,2";
				TEST_TARGET_NAME = BonsaiMobile;
			};
			name = Debug;
		};
		9DC0C9E9D178A8E67EF4298E /* Debug */ = {
			isa = XCBuildConfiguration;
			buildSettings = {
				BUNDLE_LOADER = "$(TEST_HOST)";
				"BUNDLE_LOADER[sdk=macosx*]" = "$(TEST_HOST)";
				GENERATE_INFOPLIST_FILE = YES;
				LD_RUNPATH_SEARCH_PATHS = (
					"$(inherited)",
					"@executable_path/Frameworks",
					"@loader_path/Frameworks",
				);
				PRODUCT_BUNDLE_IDENTIFIER = com.prismml.BonsaiMobileIntegrationTests;
				SDKROOT = auto;
				SUPPORTED_PLATFORMS = "iphoneos iphonesimulator macosx";
				SUPPORTS_MACCATALYST = NO;
				SUPPORTS_MAC_DESIGNED_FOR_IPHONE_IPAD = NO;
				SUPPORTS_XR_DESIGNED_FOR_IPHONE_IPAD = YES;
				TARGETED_DEVICE_FAMILY = "1,2";
				TEST_HOST = "$(BUILT_PRODUCTS_DIR)/BonsaiMobile.app/BonsaiMobile";
				"TEST_HOST[sdk=macosx*]" = "$(BUILT_PRODUCTS_DIR)/BonsaiMobile.app/Contents/MacOS/BonsaiMobile";
			};
			name = Debug;
		};
		E2B8BAC2B93F90B6DA51CD2E /* Debug */ = {
			isa = XCBuildConfiguration;
			buildSettings = {
				ALWAYS_SEARCH_USER_PATHS = NO;
				CLANG_ANALYZER_NONNULL = YES;
				CLANG_ANALYZER_NUMBER_OBJECT_CONVERSION = YES_AGGRESSIVE;
				CLANG_CXX_LANGUAGE_STANDARD = "gnu++14";
				CLANG_CXX_LIBRARY = "libc++";
				CLANG_ENABLE_MODULES = YES;
				CLANG_ENABLE_OBJC_ARC = YES;
				CLANG_ENABLE_OBJC_WEAK = YES;
				CLANG_WARN_BLOCK_CAPTURE_AUTORELEASING = YES;
				CLANG_WARN_BOOL_CONVERSION = YES;
				CLANG_WARN_COMMA = YES;
				CLANG_WARN_CONSTANT_CONVERSION = YES;
				CLANG_WARN_DEPRECATED_OBJC_IMPLEMENTATIONS = YES;
				CLANG_WARN_DIRECT_OBJC_ISA_USAGE = YES_ERROR;
				CLANG_WARN_DOCUMENTATION_COMMENTS = YES;
				CLANG_WARN_EMPTY_BODY = YES;
				CLANG_WARN_ENUM_CONVERSION = YES;
				CLANG_WARN_INFINITE_RECURSION = YES;
				CLANG_WARN_INT_CONVERSION = YES;
				CLANG_WARN_NON_LITERAL_NULL_CONVERSION = YES;
				CLANG_WARN_OBJC_IMPLICIT_RETAIN_SELF = YES;
				CLANG_WARN_OBJC_LITERAL_CONVERSION = YES;
				CLANG_WARN_OBJC_ROOT_CLASS = YES_ERROR;
				CLANG_WARN_QUOTED_INCLUDE_IN_FRAMEWORK_HEADER = YES;
				CLANG_WARN_RANGE_LOOP_ANALYSIS = YES;
				CLANG_WARN_STRICT_PROTOTYPES = YES;
				CLANG_WARN_SUSPICIOUS_MOVE = YES;
				CLANG_WARN_UNGUARDED_AVAILABILITY = YES_AGGRESSIVE;
				CLANG_WARN_UNREACHABLE_CODE = YES;
				CLANG_WARN__DUPLICATE_METHOD_MATCH = YES;
				COPY_PHASE_STRIP = NO;
				DEBUG_INFORMATION_FORMAT = dwarf;
				ENABLE_STRICT_OBJC_MSGSEND = YES;
				ENABLE_TESTABILITY = YES;
				GCC_C_LANGUAGE_STANDARD = gnu11;
				GCC_DYNAMIC_NO_PIC = NO;
				GCC_NO_COMMON_BLOCKS = YES;
				GCC_OPTIMIZATION_LEVEL = 0;
				GCC_PREPROCESSOR_DEFINITIONS = (
					"$(inherited)",
					"DEBUG=1",
				);
				GCC_TREAT_WARNINGS_AS_ERRORS = YES;
				GCC_WARN_64_TO_32_BIT_CONVERSION = YES;
				GCC_WARN_ABOUT_RETURN_TYPE = YES_ERROR;
				GCC_WARN_UNDECLARED_SELECTOR = YES;
				GCC_WARN_UNINITIALIZED_AUTOS = YES_AGGRESSIVE;
				GCC_WARN_UNUSED_FUNCTION = YES;
				GCC_WARN_UNUSED_VARIABLE = YES;
				IPHONEOS_DEPLOYMENT_TARGET = 17.0;
				MACOSX_DEPLOYMENT_TARGET = 14.0;
				MTL_ENABLE_DEBUG_INFO = INCLUDE_SOURCE;
				MTL_FAST_MATH = YES;
				ONLY_ACTIVE_ARCH = YES;
				PRODUCT_NAME = "$(TARGET_NAME)";
				SDKROOT = auto;
				SWIFT_ACTIVE_COMPILATION_CONDITIONS = DEBUG;
				SWIFT_OPTIMIZATION_LEVEL = "-Onone";
				SWIFT_STRICT_CONCURRENCY = complete;
				SWIFT_TREAT_WARNINGS_AS_ERRORS = YES;
				SWIFT_VERSION = 6.0;
			};
			name = Debug;
		};
		FFC7848734CA2C94E2FAFA55 /* Debug */ = {
			isa = XCBuildConfiguration;
			baseConfigurationReference = 4565078E0DBE173835DEB134 /* Base.xcconfig */;
			buildSettings = {
				ASSETCATALOG_COMPILER_APPICON_NAME = AppIcon;
				CODE_SIGN_IDENTITY = "iPhone Developer";
				GENERATE_INFOPLIST_FILE = YES;
				INFOPLIST_KEY_CFBundleDisplayName = Bonsai;
				INFOPLIST_KEY_NSCameraUsageDescription = "Add a photo to a private on-device conversation.";
				INFOPLIST_KEY_NSPhotoLibraryUsageDescription = "Add a photo to a private on-device conversation.";
				LD_RUNPATH_SEARCH_PATHS = (
					"$(inherited)",
					"@executable_path/Frameworks",
				);
				PRODUCT_BUNDLE_IDENTIFIER = com.prismml.BonsaiMobile;
				SDKROOT = auto;
				SUPPORTED_PLATFORMS = "iphoneos iphonesimulator macosx";
				SUPPORTS_MACCATALYST = NO;
				SUPPORTS_MAC_DESIGNED_FOR_IPHONE_IPAD = NO;
				SUPPORTS_XR_DESIGNED_FOR_IPHONE_IPAD = YES;
				TARGETED_DEVICE_FAMILY = "1,2";
			};
			name = Debug;
		};
/* End XCBuildConfiguration section */

/* Begin XCConfigurationList section */
		129A9C67E80316BE4E169954 /* Build configuration list for PBXNativeTarget "BonsaiMobileUITests" */ = {
			isa = XCConfigurationList;
			buildConfigurations = (
				93211699B1009693C8280BD1 /* Debug */,
				5CAB5D789C735F4BAEA953F3 /* Release */,
			);
			defaultConfigurationIsVisible = 0;
			defaultConfigurationName = Debug;
		};
		21A5B4E0FF2FA659C1BF4553 /* Build configuration list for PBXNativeTarget "BonsaiMobile" */ = {
			isa = XCConfigurationList;
			buildConfigurations = (
				FFC7848734CA2C94E2FAFA55 /* Debug */,
				69F50536276DCBADB66A61E9 /* Release */,
			);
			defaultConfigurationIsVisible = 0;
			defaultConfigurationName = Debug;
		};
		5EFFAFD3301739DCC714E2FC /* Build configuration list for PBXProject "BonsaiMobile" */ = {
			isa = XCConfigurationList;
			buildConfigurations = (
				E2B8BAC2B93F90B6DA51CD2E /* Debug */,
				0E498325A93CB266E991793F /* Release */,
			);
			defaultConfigurationIsVisible = 0;
			defaultConfigurationName = Debug;
		};
		8F9A5F5A09074DB79F02E922 /* Build configuration list for PBXNativeTarget "BonsaiMobileIntegrationTests" */ = {
			isa = XCConfigurationList;
			buildConfigurations = (
				9DC0C9E9D178A8E67EF4298E /* Debug */,
				4A53FEEEF6F33DA206424A6A /* Release */,
			);
			defaultConfigurationIsVisible = 0;
			defaultConfigurationName = Debug;
		};
		A1A0DE6E32E5EA09DF29F081 /* Build configuration list for PBXNativeTarget "BonsaiMobileTests" */ = {
			isa = XCConfigurationList;
			buildConfigurations = (
				75910A28CBAF4380FEB09EF0 /* Debug */,
				3557B3111C93998F3157D44F /* Release */,
			);
			defaultConfigurationIsVisible = 0;
			defaultConfigurationName = Debug;
		};
/* End XCConfigurationList section */

/* Begin XCLocalSwiftPackageReference section */
		9CBD89527ED3FF1316DC3648 /* XCLocalSwiftPackageReference ".build-dependencies/mlx-swift-lm" */ = {
			isa = XCLocalSwiftPackageReference;
			relativePath = ".build-dependencies/mlx-swift-lm";
		};
/* End XCLocalSwiftPackageReference section */

/* Begin XCRemoteSwiftPackageReference section */
		055E0FEE91B103145BD754DF /* XCRemoteSwiftPackageReference "ZIPFoundation" */ = {
			isa = XCRemoteSwiftPackageReference;
			repositoryURL = "https://github.com/weichsel/ZIPFoundation.git";
			requirement = {
				kind = exactVersion;
				version = 0.9.19;
			};
		};
		16BCE6087BD425DEAA538900 /* XCRemoteSwiftPackageReference "swift-transformers" */ = {
			isa = XCRemoteSwiftPackageReference;
			repositoryURL = "https://github.com/huggingface/swift-transformers.git";
			requirement = {
				kind = exactVersion;
				version = 1.3.0;
			};
		};
/* End XCRemoteSwiftPackageReference section */

/* Begin XCSwiftPackageProductDependency section */
		056342B4C449BC4FB620893A /* ZIPFoundation */ = {
			isa = XCSwiftPackageProductDependency;
			package = 055E0FEE91B103145BD754DF /* XCRemoteSwiftPackageReference "ZIPFoundation" */;
			productName = ZIPFoundation;
		};
		6A095E1F640A9C82BA09731D /* MLXVLM */ = {
			isa = XCSwiftPackageProductDependency;
			productName = MLXVLM;
		};
		754CA324E2CD030AD1ADD3C8 /* ZIPFoundation */ = {
			isa = XCSwiftPackageProductDependency;
			package = 055E0FEE91B103145BD754DF /* XCRemoteSwiftPackageReference "ZIPFoundation" */;
			productName = ZIPFoundation;
		};
		82A832B08BE4D6E49F59F560 /* Tokenizers */ = {
			isa = XCSwiftPackageProductDependency;
			package = 16BCE6087BD425DEAA538900 /* XCRemoteSwiftPackageReference "swift-transformers" */;
			productName = Tokenizers;
		};
		95D56B5E7F56FB8C5CCAA9FD /* MLXHuggingFace */ = {
			isa = XCSwiftPackageProductDependency;
			productName = MLXHuggingFace;
		};
		9943147F24F82A85972D6C9B /* MLXLLM */ = {
			isa = XCSwiftPackageProductDependency;
			productName = MLXLLM;
		};
		CE0D83BFD83F3BD1FAB0B05D /* MLXLMCommon */ = {
			isa = XCSwiftPackageProductDependency;
			productName = MLXLMCommon;
		};
/* End XCSwiftPackageProductDependency section */
	};
	rootObject = 16AD27B2C706E59641499B96 /* Project object */;
}
